
Microsoft Visual Studio Solution File, Format Version 12.00
# Visual Studio Version 17
VisualStudioVersion = 17.2.32602.215
MinimumVisualStudioVersion = 10.0.40219.1
Project("{FAE04EC0-301F-11D3-BF4B-00C04F79EFBC}") = "Digito_separado1", "Digito_separado1\Digito_separado1.csproj", "{1CFA67FA-DEF4-45FC-88B5-1121AED2A77D}"
EndProject
Global
	GlobalSection(SolutionConfigurationPlatforms) = preSolution
		Debug|Any CPU = Debug|Any CPU
		Release|Any CPU = Release|Any CPU
	EndGlobalSection
	GlobalSection(ProjectConfigurationPlatforms) = postSolution
		{1CFA67FA-DEF4-45FC-88B5-1121AED2A77D}.Debug|Any CPU.ActiveCfg = Debug|Any CPU
		{1CFA67FA-DEF4-45FC-88B5-1121AED2A77D}.Debug|Any CPU.Build.0 = Debug|Any CPU
		{1CFA67FA-DEF4-45FC-88B5-1121AED2A77D}.Release|Any CPU.ActiveCfg = Release|Any CPU
		{1CFA67FA-DEF4-45FC-88B5-1121AED2A77D}.Release|Any CPU.Build.0 = Release|Any CPU
	EndGlobalSection
	GlobalSection(SolutionProperties) = preSolution
		HideSolutionNode = FALSE
	EndGlobalSection
	GlobalSection(ExtensibilityGlobals) = postSolution
		SolutionGuid = {DEDD40F6-1F90-41F3-9AF2-D0EFF0184458}
	EndGlobalSection
EndGlobal
